
Microsoft Visual Studio Solution File, Format Version 12.00
# Visual Studio Version 17
VisualStudioVersion = 17.4.33122.133
MinimumVisualStudioVersion = 10.0.40219.1
Project("{FAE04EC0-301F-11D3-BF4B-00C04F79EFBC}") = "Giant_Killer_Robot", "Giant_Killer_Robot\Giant_Killer_Robot.csproj", "{8F77D37D-C11B-481C-A37D-CEB6F4EF7B74}"
EndProject
Global
	GlobalSection(SolutionConfigurationPlatforms) = preSolution
		Debug|Any CPU = Debug|Any CPU
		Release|Any CPU = Release|Any CPU
	EndGlobalSection
	GlobalSection(ProjectConfigurationPlatforms) = postSolution
		{8F77D37D-C11B-481C-A37D-CEB6F4EF7B74}.Debug|Any CPU.ActiveCfg = Debug|Any CPU
		{8F77D37D-C11B-481C-A37D-CEB6F4EF7B74}.Debug|Any CPU.Build.0 = Debug|Any CPU
		{8F77D37D-C11B-481C-A37D-CEB6F4EF7B74}.Release|Any CPU.ActiveCfg = Release|Any CPU
		{8F77D37D-C11B-481C-A37D-CEB6F4EF7B74}.Release|Any CPU.Build.0 = Release|Any CPU
	EndGlobalSection
	GlobalSection(SolutionProperties) = preSolution
		HideSolutionNode = FALSE
	EndGlobalSection
	GlobalSection(ExtensibilityGlobals) = postSolution
		SolutionGuid = {1CDBAAE6-8438-4746-A0DC-6868863653CD}
	EndGlobalSection
EndGlobal
